{
  "renv": {
    "Version": "0.7.1-19"
  },
  "R": {
    "Version": "3.5.2",
    "Repositories": [
      {
        "Name": "CRAN",
        "URL": "https://cloud.r-project.org"
      }
    ]
  },
  "Packages": {
    "BH": {
      "Package": "BH",
      "Version": "1.69.0-1",
      "Source": "CRAN",
      "Repository": "CRAN",
      "Hash": "88e64b38758666b85d283617231bb766"
    },
    "DT": {
      "Package": "DT",
      "Version": "0.9",
      "Source": "CRAN",
      "Repository": "CRAN",
      "Hash": "eeb8c24d3d315ef05d4fdcbe12f0e967"
    },
    "Formula": {
      "Package": "Formula",
      "Version": "1.2-3",
      "Source": "CRAN",
      "Repository": "CRAN",
      "Hash": "22b5f7fb25c1ff7fbdb955448e15ef56"
    },
    "Hmisc": {
      "Package": "Hmisc",
      "Version": "4.2-0",
      "Source": "CRAN",
      "Repository": "CRAN",
      "Hash": "404b844f38debdf4cee2b7d1bf6f9b48"
    },
    "KernSmooth": {
      "Package": "KernSmooth",
      "Version": "2.23-16",
      "Source": "CRAN",
      "Repository": "CRAN",
      "Hash": "84a88058631ec805224b0318b9e78ab4"
    },
    "MASS": {
      "Package": "MASS",
      "Version": "7.3-51.4",
      "Source": "CRAN",
      "Repository": "CRAN",
      "Hash": "a670f645948409d325eddb0b199ed968"
    },
    "MCMCpack": {
      "Package": "MCMCpack",
      "Version": "1.4-4",
      "Source": "CRAN",
      "Repository": "CRAN",
      "Hash": "568b555a70aa91d354c410732a899bf1"
    },
    "Matrix": {
      "Package": "Matrix",
      "Version": "1.2-17",
      "Source": "CRAN",
      "Repository": "CRAN",
      "Hash": "b2eae6a1a2e206ecc478f3ff9dc98a5e"
    },
    "MatrixModels": {
      "Package": "MatrixModels",
      "Version": "0.4-1",
      "Source": "CRAN",
      "Repository": "CRAN",
      "Hash": "10540a8026db63364471df035bce3051"
    },
    "PEIP": {
      "Package": "PEIP",
      "Version": "2.2-1",
      "Source": "CRAN",
      "Repository": "CRAN",
      "Hash": "7a979ae08e30305dedcaba3b3e21acf0"
    },
    "PerformanceAnalytics": {
      "Package": "PerformanceAnalytics",
      "Version": "1.5.3",
      "Source": "CRAN",
      "Repository": "CRAN",
      "Hash": "d79b3d24a2131c397b686fb0e7fbf36b"
    },
    "R6": {
      "Package": "R6",
      "Version": "2.4.0",
      "Source": "CRAN",
      "Repository": "CRAN",
      "Hash": "d42941d973f7f28b32f694bc89fb9d5f"
    },
    "RColorBrewer": {
      "Package": "RColorBrewer",
      "Version": "1.1-2",
      "Source": "CRAN",
      "Repository": "CRAN",
      "Hash": "cdfb92174501c241a0d4e13fcac600a4"
    },
    "RPMG": {
      "Package": "RPMG",
      "Version": "2.2-3",
      "Source": "CRAN",
      "Repository": "CRAN",
      "Hash": "ae70c8bbb52321de7093850712093f80"
    },
    "RSEIS": {
      "Package": "RSEIS",
      "Version": "3.9-0",
      "Source": "CRAN",
      "Repository": "CRAN",
      "Hash": "c929ff65d2fe389005b136523c8d3523"
    },
    "Rcpp": {
      "Package": "Rcpp",
      "Version": "1.0.2",
      "Source": "CRAN",
      "Repository": "CRAN",
      "Hash": "96a953a24b930fe455be0a5e78627d55"
    },
    "RcppEigen": {
      "Package": "RcppEigen",
      "Version": "0.3.3.5.0",
      "Source": "CRAN",
      "Repository": "CRAN",
      "Hash": "8aed0c924f0fa48808d3b09b13ffc031"
    },
    "Rwave": {
      "Package": "Rwave",
      "Version": "2.4-8",
      "Source": "CRAN",
      "Repository": "CRAN",
      "Hash": "ff119c06b5af6caea0fb6c77bba13760"
    },
    "SparseM": {
      "Package": "SparseM",
      "Version": "1.77",
      "Source": "CRAN",
      "Repository": "CRAN",
      "Hash": "b9f2cdd23fa07456b985af5181e6ae2c"
    },
    "acepack": {
      "Package": "acepack",
      "Version": "1.4.1",
      "Source": "CRAN",
      "Repository": "CRAN",
      "Hash": "112237ebbcb6648c712bed44392806dc"
    },
    "askpass": {
      "Package": "askpass",
      "Version": "1.1",
      "Source": "CRAN",
      "Repository": "CRAN",
      "Hash": "ff8e30ba3e542c07372fca6de28bce3b"
    },
    "assertthat": {
      "Package": "assertthat",
      "Version": "0.2.1",
      "Source": "CRAN",
      "Repository": "CRAN",
      "Hash": "263effaa484b1dc3013cf1c1e8f6624e"
    },
    "backports": {
      "Package": "backports",
      "Version": "1.1.5",
      "Source": "CRAN",
      "Repository": "CRAN",
      "Hash": "6faa3b8a1c2daad65a7a586089adffa1"
    },
    "base64enc": {
      "Package": "base64enc",
      "Version": "0.1-3",
      "Source": "CRAN",
      "Repository": "CRAN",
      "Hash": "eec0d710cee1455ba24eb6ab622a60e9"
    },
    "bitops": {
      "Package": "bitops",
      "Version": "1.0-6",
      "Source": "CRAN",
      "Repository": "CRAN",
      "Hash": "f72db5de0feaf15f856ccc2aefdf91de"
    },
    "brew": {
      "Package": "brew",
      "Version": "1.0-6",
      "Source": "CRAN",
      "Repository": "CRAN",
      "Hash": "329122d89df869b70ed9bbd7ed7d4412"
    },
    "bvls": {
      "Package": "bvls",
      "Version": "1.4",
      "Source": "CRAN",
      "Repository": "CRAN",
      "Hash": "0a5698e988b25fc14066ecfb49d27edc"
    },
    "caTools": {
      "Package": "caTools",
      "Version": "1.17.1.2",
      "Source": "CRAN",
      "Repository": "CRAN",
      "Hash": "20eca4011f39828a8109a027e0e70ee2"
    },
    "callr": {
      "Package": "callr",
      "Version": "3.3.2",
      "Source": "CRAN",
      "Repository": "CRAN",
      "Hash": "8a94e4cd367db788c52cb1933eba3a8c"
    },
    "checkmate": {
      "Package": "checkmate",
      "Version": "1.9.4",
      "Source": "CRAN",
      "Repository": "CRAN",
      "Hash": "ebfc0e2fd0d57f270822015836600aef"
    },
    "class": {
      "Package": "class",
      "Version": "7.3-15",
      "Source": "CRAN",
      "Repository": "CRAN",
      "Hash": "cc288cf0033c14d3e6a5f99794da7fed"
    },
    "classInt": {
      "Package": "classInt",
      "Version": "0.4-1",
      "Source": "CRAN",
      "Repository": "CRAN",
      "Hash": "1a6186b148984577a7553f183be097f4"
    },
    "cli": {
      "Package": "cli",
      "Version": "1.9.9.9000",
      "Source": "GitHub",
      "RemoteType": "github",
      "RemoteUsername": "r-lib",
      "RemoteRepo": "cli",
      "RemoteRef": "master",
      "RemoteSha": "ad6410aee086f374e974eb7e794fa0d475815320",
      "RemoteHost": "api.github.com",
      "Hash": "c16486563c944c8964b58a2be1d4badc"
    },
    "clipr": {
      "Package": "clipr",
      "Version": "0.7.0",
      "Source": "CRAN",
      "Repository": "CRAN",
      "Hash": "90e6cd19a5fba30dd5fd96073a83f1b1"
    },
    "clisymbols": {
      "Package": "clisymbols",
      "Version": "1.2.0",
      "Source": "CRAN",
      "Repository": "CRAN",
      "Hash": "e4438538e94e5fda0c2950f0e6fd2a33"
    },
    "cluster": {
      "Package": "cluster",
      "Version": "2.1.0",
      "Source": "CRAN",
      "Repository": "CRAN",
      "Hash": "89e72dc3312dfb0af59e232dc38bed77"
    },
    "coda": {
      "Package": "coda",
      "Version": "0.19-3",
      "Source": "CRAN",
      "Repository": "CRAN",
      "Hash": "ea50c1d9f1161b2689299cc0c45a4ab6"
    },
    "codetools": {
      "Package": "codetools",
      "Version": "0.2-16",
      "Source": "CRAN",
      "Repository": "CRAN",
      "Hash": "d1cc4ab8f6b77d181a630244a5994df5"
    },
    "colorspace": {
      "Package": "colorspace",
      "Version": "1.4-1",
      "Source": "CRAN",
      "Repository": "CRAN",
      "Hash": "70941d6476af18c149b5b6916f87a7c5"
    },
    "commonmark": {
      "Package": "commonmark",
      "Version": "1.7",
      "Source": "CRAN",
      "Repository": "CRAN",
      "Hash": "f205e54c8f197c698143596b4aaaaac1"
    },
    "covr": {
      "Package": "covr",
      "Version": "3.3.2",
      "Source": "CRAN",
      "Repository": "CRAN",
      "Hash": "eafc14e52e29d786ae79521abeb9eb06"
    },
    "crayon": {
      "Package": "crayon",
      "Version": "1.3.4",
      "Source": "CRAN",
      "Repository": "CRAN",
      "Hash": "1e93bda8f2b60a0defc85c82a39e2891"
    },
    "crosstalk": {
      "Package": "crosstalk",
      "Version": "1.0.0",
      "Source": "CRAN",
      "Repository": "CRAN",
      "Hash": "751f5746f428e5c0e453a53dac3c85af"
    },
    "curl": {
      "Package": "curl",
      "Version": "4.2",
      "Source": "CRAN",
      "Repository": "CRAN",
      "Hash": "743ba61dd00b65d6ac661d04bb609d3b"
    },
    "data.table": {
      "Package": "data.table",
      "Version": "1.12.4",
      "Source": "CRAN",
      "Repository": "CRAN",
      "Hash": "7fe0651333fd464a20d0fd484ad53b3c"
    },
    "desc": {
      "Package": "desc",
      "Version": "1.2.0",
      "Source": "CRAN",
      "Repository": "CRAN",
      "Hash": "fefdea6ff2d34eb3ea0f15f58262e0f1"
    },
    "devtools": {
      "Package": "devtools",
      "Version": "2.2.1",
      "Source": "CRAN",
      "Repository": "CRAN",
      "Hash": "966106eb253ea61d66678bbba074f531"
    },
    "digest": {
      "Package": "digest",
      "Version": "0.6.21",
      "Source": "CRAN",
      "Repository": "CRAN",
      "Hash": "80c4e8b2c804c5ffdd23f2f9d5765161"
    },
    "dotCall64": {
      "Package": "dotCall64",
      "Version": "1.0-0",
      "Source": "CRAN",
      "Repository": "CRAN",
      "Hash": "0819d76afe234b85e356cebf20820d05"
    },
    "dplyr": {
      "Package": "dplyr",
      "Version": "0.8.3",
      "Source": "CRAN",
      "Repository": "CRAN",
      "Hash": "6f5a4e8bdf605cba24dc821dea934dd3"
    },
    "e1071": {
      "Package": "e1071",
      "Version": "1.7-2",
      "Source": "CRAN",
      "Repository": "CRAN",
      "Hash": "40160383d5480924bafd1b34aaac1968"
    },
    "ellipsis": {
      "Package": "ellipsis",
      "Version": "0.3.0",
      "Source": "CRAN",
      "Repository": "CRAN",
      "Hash": "04769f4ecaca2dc40d3ec184dcfd6924"
    },
    "evaluate": {
      "Package": "evaluate",
      "Version": "0.14",
      "Source": "CRAN",
      "Repository": "CRAN",
      "Hash": "ea89e41d97c0146c8f6bb068430a7e58"
    },
    "expm": {
      "Package": "expm",
      "Version": "0.999-4",
      "Source": "CRAN",
      "Repository": "CRAN",
      "Hash": "343e817535bf9de097c8f4ce7ec78a3c"
    },
    "fansi": {
      "Package": "fansi",
      "Version": "0.4.0",
      "Source": "CRAN",
      "Repository": "CRAN",
      "Hash": "7e8ca3a2d400cbdaf72a602e9833c920"
    },
    "farver": {
      "Package": "farver",
      "Version": "1.1.0",
      "Source": "CRAN",
      "Repository": "CRAN",
      "Hash": "2902082586aa34d4b322afe23d425a2f"
    },
    "fastmap": {
      "Package": "fastmap",
      "Version": "1.0.1",
      "Source": "CRAN",
      "Repository": "CRAN",
      "Hash": "af0f5b28569f8596f5a83dfdfc47b33a"
    },
    "fields": {
      "Package": "fields",
      "Version": "9.9",
      "Source": "CRAN",
      "Repository": "CRAN",
      "Hash": "1f89ede8cfe879749200800906653e37"
    },
    "forcats": {
      "Package": "forcats",
      "Version": "0.4.0",
      "Source": "CRAN",
      "Repository": "CRAN",
      "Hash": "c5d5b0c24161479679cfbf94fba339f4"
    },
    "foreach": {
      "Package": "foreach",
      "Version": "1.4.7",
      "Source": "CRAN",
      "Repository": "CRAN",
      "Hash": "61a9650474e213976bebcacee9b39287"
    },
    "foreign": {
      "Package": "foreign",
      "Version": "0.8-72",
      "Source": "CRAN",
      "Repository": "CRAN",
      "Hash": "0aff38320c52f0ef858a6df6a284f9e2"
    },
    "formatR": {
      "Package": "formatR",
      "Version": "1.7",
      "Source": "CRAN",
      "Repository": "CRAN",
      "Hash": "f27fbdbf704b53eeda5e6b45bde7389d"
    },
    "fs": {
      "Package": "fs",
      "Version": "1.3.1",
      "Source": "CRAN",
      "Repository": "CRAN",
      "Hash": "110467e48d2be4583fe18d7bdbbc3c54"
    },
    "gam": {
      "Package": "gam",
      "Version": "1.16.1",
      "Source": "CRAN",
      "Repository": "CRAN",
      "Hash": "ee33aa18b8f3e5b077bc2dcd06e1ac22"
    },
    "gdata": {
      "Package": "gdata",
      "Version": "2.18.0",
      "Source": "CRAN",
      "Repository": "CRAN",
      "Hash": "e7c9dd5450cfbb01dd80e4b873ef9cd9"
    },
    "geigen": {
      "Package": "geigen",
      "Version": "2.3",
      "Source": "CRAN",
      "Repository": "CRAN",
      "Hash": "f99902f4453aeb90f057564bc39e13b4"
    },
    "ggforce": {
      "Package": "ggforce",
      "Version": "0.3.1",
      "Source": "CRAN",
      "Repository": "CRAN",
      "Hash": "c651ca5f7f91460ba01136543433e304"
    },
    "ggplot2": {
      "Package": "ggplot2",
      "Version": "3.2.1",
      "Source": "CRAN",
      "Repository": "CRAN",
      "Hash": "9777320be08848a151135fae33ab617b"
    },
    "ggthemes": {
      "Package": "ggthemes",
      "Version": "4.2.0",
      "Source": "CRAN",
      "Repository": "CRAN",
      "Hash": "7ed1fd93175acc765b65cc279ce8dec0"
    },
    "gh": {
      "Package": "gh",
      "Version": "1.0.1",
      "Source": "CRAN",
      "Repository": "CRAN",
      "Hash": "3e498375faca84a20b431a2df1ce23e9"
    },
    "git2r": {
      "Package": "git2r",
      "Version": "0.26.1",
      "Source": "CRAN",
      "Repository": "CRAN",
      "Hash": "d9b65de189fbd965de1341421cdda574"
    },
    "glue": {
      "Package": "glue",
      "Version": "1.3.1",
      "Source": "CRAN",
      "Repository": "CRAN",
      "Hash": "156f76da413ebe13f4d7e65ae6a5d19f"
    },
    "gplots": {
      "Package": "gplots",
      "Version": "3.0.1.1",
      "Source": "CRAN",
      "Repository": "CRAN",
      "Hash": "3fab29041c244204a2e61a53cd728420"
    },
    "gridExtra": {
      "Package": "gridExtra",
      "Version": "2.3",
      "Source": "CRAN",
      "Repository": "CRAN",
      "Hash": "cd5e8e3a3950e27fad98d62feab5b0ba"
    },
    "gtable": {
      "Package": "gtable",
      "Version": "0.3.0",
      "Source": "CRAN",
      "Repository": "CRAN",
      "Hash": "120444406cc884baa3a2ff5c0566045b"
    },
    "gtools": {
      "Package": "gtools",
      "Version": "3.8.1",
      "Source": "CRAN",
      "Repository": "CRAN",
      "Hash": "a7fe2106d673bc8ebc7529e33d25c2ea"
    },
    "highr": {
      "Package": "highr",
      "Version": "0.8",
      "Source": "CRAN",
      "Repository": "CRAN",
      "Hash": "2f5651aef7832e8eea60d3f3add2ffaa"
    },
    "hms": {
      "Package": "hms",
      "Version": "0.5.1",
      "Source": "CRAN",
      "Repository": "CRAN",
      "Hash": "80fd0970d2a8961d39a0f61b4bf4b884"
    },
    "htmlTable": {
      "Package": "htmlTable",
      "Version": "1.13.2",
      "Source": "CRAN",
      "Repository": "CRAN",
      "Hash": "e3754747b0ba4a069fa26f42de511d62"
    },
    "htmltools": {
      "Package": "htmltools",
      "Version": "0.4.0",
      "Source": "CRAN",
      "Repository": "CRAN",
      "Hash": "9674fbb91c30995972bfdc794d60d75b"
    },
    "htmlwidgets": {
      "Package": "htmlwidgets",
      "Version": "1.5.1",
      "Source": "CRAN",
      "Repository": "CRAN",
      "Hash": "03f5287da0d653c75fdfdf4e9a56be7f"
    },
    "httpuv": {
      "Package": "httpuv",
      "Version": "1.5.2",
      "Source": "CRAN",
      "Repository": "CRAN",
      "Hash": "5b73efd71e52ed88edcdf5c41dfdf270"
    },
    "httr": {
      "Package": "httr",
      "Version": "1.4.1",
      "Source": "CRAN",
      "Repository": "CRAN",
      "Hash": "6ee1f2228233383b910d8259e66469a6"
    },
    "ini": {
      "Package": "ini",
      "Version": "0.3.1",
      "Source": "CRAN",
      "Repository": "CRAN",
      "Hash": "c476efce99f7ae2fde8301147283421a"
    },
    "iterators": {
      "Package": "iterators",
      "Version": "1.0.12",
      "Source": "CRAN",
      "Repository": "CRAN",
      "Hash": "21e1ae642f8994eae5ce48a749d98829"
    },
    "jsonlite": {
      "Package": "jsonlite",
      "Version": "1.6",
      "Source": "CRAN",
      "Repository": "CRAN",
      "Hash": "9ec2b2fe0e874a66d0cb54d8ced5618e"
    },
    "kableExtra": {
      "Package": "kableExtra",
      "Version": "1.1.0",
      "Source": "CRAN",
      "Repository": "CRAN",
      "Hash": "b4383a753b67313e33b33dc4514ed0a9"
    },
    "knitr": {
      "Package": "knitr",
      "Version": "1.25",
      "Source": "CRAN",
      "Repository": "CRAN",
      "Hash": "dd5c79a8450c95713d3e85769526eabe"
    },
    "labeling": {
      "Package": "labeling",
      "Version": "0.3",
      "Source": "CRAN",
      "Repository": "CRAN",
      "Hash": "379ec196f3f3bb312727d52b022fa8f9"
    },
    "later": {
      "Package": "later",
      "Version": "1.0.0",
      "Source": "CRAN",
      "Repository": "CRAN",
      "Hash": "5bacf7ba7aa60ecbbd94474616b2d263"
    },
    "lattice": {
      "Package": "lattice",
      "Version": "0.20-38",
      "Source": "CRAN",
      "Repository": "CRAN",
      "Hash": "16dfe2407fe485b6a9fb098120008721"
    },
    "latticeExtra": {
      "Package": "latticeExtra",
      "Version": "0.6-28",
      "Source": "CRAN",
      "Repository": "CRAN",
      "Hash": "55419a3c434e22dd282f7ec799d345bd"
    },
    "lazyeval": {
      "Package": "lazyeval",
      "Version": "0.2.2",
      "Source": "CRAN",
      "Repository": "CRAN",
      "Hash": "8c343e48c3f58de2c70a641592abc0f1"
    },
    "lifecycle": {
      "Package": "lifecycle",
      "Version": "0.1.0",
      "Source": "CRAN",
      "Repository": "CRAN",
      "Hash": "0f01069bda8cfc5e4485b0f9397e931e"
    },
    "magrittr": {
      "Package": "magrittr",
      "Version": "1.5",
      "Source": "CRAN",
      "Repository": "CRAN",
      "Hash": "cb6367fec3fd68ff41424fe9797b8eaf"
    },
    "maps": {
      "Package": "maps",
      "Version": "3.3.0",
      "Source": "CRAN",
      "Repository": "CRAN",
      "Hash": "9c69c5ef1c12a013cefe7eb88ae4cac4"
    },
    "markdown": {
      "Package": "markdown",
      "Version": "1.1",
      "Source": "CRAN",
      "Repository": "CRAN",
      "Hash": "ee162ebd6b7488e2f5a0773f1a06e71a"
    },
    "mcmc": {
      "Package": "mcmc",
      "Version": "0.9-6",
      "Source": "CRAN",
      "Repository": "CRAN",
      "Hash": "4606eac7ac6351371dc00e86f8b8370e"
    },
    "memoise": {
      "Package": "memoise",
      "Version": "1.1.0",
      "Source": "CRAN",
      "Repository": "CRAN",
      "Hash": "84b2466117129ec55e85c8b3c5eae758"
    },
    "mgcv": {
      "Package": "mgcv",
      "Version": "1.8-29",
      "Source": "CRAN",
      "Repository": "CRAN",
      "Hash": "4bad5fc9a66e4c50f42d507c980b761d"
    },
    "mime": {
      "Package": "mime",
      "Version": "0.7",
      "Source": "CRAN",
      "Repository": "CRAN",
      "Hash": "054d829092f3869d99d1ac57e4fe21eb"
    },
    "munsell": {
      "Package": "munsell",
      "Version": "0.5.0",
      "Source": "CRAN",
      "Repository": "CRAN",
      "Hash": "381047af4d6b44ca4d9285dbdea42434"
    },
    "mvtnorm": {
      "Package": "mvtnorm",
      "Version": "1.0-11",
      "Source": "CRAN",
      "Repository": "CRAN",
      "Hash": "884a678c28ab7ea925e321397e3338cc"
    },
    "nlme": {
      "Package": "nlme",
      "Version": "3.1-141",
      "Source": "CRAN",
      "Repository": "CRAN",
      "Hash": "c2b66177f06ba458e6b5b3658db487ff"
    },
    "nnet": {
      "Package": "nnet",
      "Version": "7.3-12",
      "Source": "CRAN",
      "Repository": "CRAN",
      "Hash": "0835782f2d3c378c2e98deb731284b01"
    },
    "openssl": {
      "Package": "openssl",
      "Version": "1.4.1",
      "Source": "CRAN",
      "Repository": "CRAN",
      "Hash": "6824c3698646e97b3ec8d906fb5db96b"
    },
    "pillar": {
      "Package": "pillar",
      "Version": "1.4.2",
      "Source": "CRAN",
      "Repository": "CRAN",
      "Hash": "e77703ded3f52254363aa93a29be7b67"
    },
    "pkgbuild": {
      "Package": "pkgbuild",
      "Version": "1.0.6",
      "Source": "CRAN",
      "Repository": "CRAN",
      "Hash": "d979779756d42587688c35f764a44bc6"
    },
    "pkgconfig": {
      "Package": "pkgconfig",
      "Version": "2.0.3",
      "Source": "CRAN",
      "Repository": "CRAN",
      "Hash": "2e868f900165801de752c5b57b3b2cde"
    },
    "pkgload": {
      "Package": "pkgload",
      "Version": "1.0.2",
      "Source": "CRAN",
      "Repository": "CRAN",
      "Hash": "83fbbb08dc4973debae54ac0e829f9bd"
    },
    "plogr": {
      "Package": "plogr",
      "Version": "0.2.0",
      "Source": "CRAN",
      "Repository": "CRAN",
      "Hash": "4f3b95dcac0fc64e36666ac8e6430fc7"
    },
    "plyr": {
      "Package": "plyr",
      "Version": "1.8.4",
      "Source": "CRAN",
      "Repository": "CRAN",
      "Hash": "48b2c2a9c4a504ea9167e9252fd9fade"
    },
    "polyclip": {
      "Package": "polyclip",
      "Version": "1.10-0",
      "Source": "CRAN",
      "Repository": "CRAN",
      "Hash": "67a335def8db443a48bcbeb4960e0795"
    },
    "pracma": {
      "Package": "pracma",
      "Version": "2.2.5",
      "Source": "CRAN",
      "Repository": "CRAN",
      "Hash": "c01ca9f39d200b7cd176f0c2571dedbc"
    },
    "praise": {
      "Package": "praise",
      "Version": "1.0.0",
      "Source": "CRAN",
      "Repository": "CRAN",
      "Hash": "20ffbe3f59f58529a6786101392fa476"
    },
    "prettyunits": {
      "Package": "prettyunits",
      "Version": "1.0.2",
      "Source": "CRAN",
      "Repository": "CRAN",
      "Hash": "47d4646a3be22893c04093e8db164989"
    },
    "processx": {
      "Package": "processx",
      "Version": "3.4.1",
      "Source": "CRAN",
      "Repository": "CRAN",
      "Hash": "cfe2bc35034a44fe32e0969b4c661068"
    },
    "progress": {
      "Package": "progress",
      "Version": "1.2.2",
      "Source": "CRAN",
      "Repository": "CRAN",
      "Hash": "819ec59e511e26ceed4ebdf272b6671f"
    },
    "promises": {
      "Package": "promises",
      "Version": "1.1.0",
      "Source": "CRAN",
      "Repository": "CRAN",
      "Hash": "35ee8936a4f703000be9accac65bf2df"
    },
    "ps": {
      "Package": "ps",
      "Version": "1.3.0",
      "Source": "CRAN",
      "Repository": "CRAN",
      "Hash": "12c6a7e02239401d47599ddc44a484f4"
    },
    "purrr": {
      "Package": "purrr",
      "Version": "0.3.2",
      "Source": "CRAN",
      "Repository": "CRAN",
      "Hash": "19767ff705a04566e2f396e15ccc1b39"
    },
    "quadprog": {
      "Package": "quadprog",
      "Version": "1.5-7",
      "Source": "CRAN",
      "Repository": "CRAN",
      "Hash": "ce6a8daea6ec8ffa0a923fdb823b52cd"
    },
    "quantreg": {
      "Package": "quantreg",
      "Version": "5.51",
      "Source": "CRAN",
      "Repository": "CRAN",
      "Hash": "20966b93376c4e244ea717b77356e60b"
    },
    "rcmdcheck": {
      "Package": "rcmdcheck",
      "Version": "1.3.3",
      "Source": "CRAN",
      "Repository": "CRAN",
      "Hash": "d05e0e467b1321647efeec329d06d737"
    },
    "readr": {
      "Package": "readr",
      "Version": "1.3.1",
      "Source": "CRAN",
      "Repository": "CRAN",
      "Hash": "19e0ffd8bcaff3476349d8787fc8bd59"
    },
    "remotes": {
      "Package": "remotes",
      "Version": "2.1.0",
      "Source": "CRAN",
      "Repository": "CRAN",
      "Hash": "13a9510a8b8fcb47b1cc063be40f2818"
    },
    "renv": {
      "Package": "renv",
      "Version": "0.7.1-19",
      "Source": "GitHub",
      "RemoteType": "github",
      "RemoteUsername": "rstudio",
      "RemoteRepo": "renv",
      "RemoteRef": "master",
      "RemoteSha": "08b6e0638ff5a09a7fd8048e27d8e610294dae3a",
      "RemoteHost": "api.github.com",
      "Hash": "578701f572cffe040d3b5488fe4ec9e7"
    },
    "reshape2": {
      "Package": "reshape2",
      "Version": "1.4.3",
      "Source": "CRAN",
      "Repository": "CRAN",
      "Hash": "a0b8854199dbfa29a71f514b3ffcddf0"
    },
    "rex": {
      "Package": "rex",
      "Version": "1.1.2",
      "Source": "CRAN",
      "Repository": "CRAN",
      "RemoteType": "standard",
      "RemoteRef": "rex",
      "RemoteRepos": "https://cloud.r-project.org",
      "RemoteSha": "1.1.2",
      "Hash": "97cfe6a1386a5bc95a2ef46d7f95b395"
    },
    "rlang": {
      "Package": "rlang",
      "Version": "0.4.0",
      "Source": "CRAN",
      "Repository": "CRAN",
      "Hash": "e48086a0605a981e1deb719711d4be63"
    },
    "rmarkdown": {
      "Package": "rmarkdown",
      "Version": "1.16",
      "Source": "CRAN",
      "Repository": "CRAN",
      "Hash": "7143a6543ee0f1a566fd5e8c6d6bbc23"
    },
    "roxygen2": {
      "Package": "roxygen2",
      "Version": "6.1.1",
      "Source": "CRAN",
      "Repository": "CRAN",
      "Hash": "785db78ea5b54b787c60d8f237d92fa2"
    },
    "rpart": {
      "Package": "rpart",
      "Version": "4.1-15",
      "Source": "CRAN",
      "Repository": "CRAN",
      "Hash": "9f5914116daacdd8aeb4ef2e9f36e619"
    },
    "rprojroot": {
      "Package": "rprojroot",
      "Version": "1.3-2",
      "Source": "CRAN",
      "Repository": "CRAN",
      "Hash": "75611db569353a873f987f858b6f06dd"
    },
    "rstudioapi": {
      "Package": "rstudioapi",
      "Version": "0.10",
      "Source": "CRAN",
      "Repository": "CRAN",
      "Hash": "6c03ab57831cbdae14d599151e832e18"
    },
    "rversions": {
      "Package": "rversions",
      "Version": "2.0.0",
      "Source": "CRAN",
      "Repository": "CRAN",
      "Hash": "4d80dedd99e0f7faac6a4eb4adb16487"
    },
    "rvest": {
      "Package": "rvest",
      "Version": "0.3.4",
      "Source": "CRAN",
      "Repository": "CRAN",
      "Hash": "a40342e9ea5fd36819a8c8baac506d43"
    },
    "scales": {
      "Package": "scales",
      "Version": "1.0.0",
      "Source": "CRAN",
      "Repository": "CRAN",
      "Hash": "17cfbe1a4fcc8d0440a2af68d9e07bf4"
    },
    "selectr": {
      "Package": "selectr",
      "Version": "0.4-1",
      "Source": "CRAN",
      "Repository": "CRAN",
      "Hash": "cc537e333408bb2f0088bc7b20f0e821"
    },
    "sessioninfo": {
      "Package": "sessioninfo",
      "Version": "1.1.1",
      "Source": "CRAN",
      "Repository": "CRAN",
      "Hash": "1261ec40b973735e3ae12329259479a8"
    },
    "shiny": {
      "Package": "shiny",
      "Version": "1.4.0",
      "Source": "CRAN",
      "Repository": "CRAN",
      "Hash": "a3a7b02ecaade614ff583a687f5a7778"
    },
    "sourcetools": {
      "Package": "sourcetools",
      "Version": "0.1.7",
      "Source": "CRAN",
      "Repository": "CRAN",
      "Hash": "729278659af88ed36db42f46ccca0ebd"
    },
    "spam": {
      "Package": "spam",
      "Version": "2.3-0",
      "Source": "CRAN",
      "Repository": "CRAN",
      "Hash": "f9719056b4394d977118cb4c704fd66d"
    },
    "stringi": {
      "Package": "stringi",
      "Version": "1.4.3",
      "Source": "CRAN",
      "Repository": "CRAN",
      "Hash": "0472e71f2347e13cd398d5225ff3b0ea"
    },
    "stringr": {
      "Package": "stringr",
      "Version": "1.4.0",
      "Source": "CRAN",
      "Repository": "CRAN",
      "Hash": "01fb6c8262ac804d9bafa60cea8773da"
    },
    "survival": {
      "Package": "survival",
      "Version": "2.44-1.1",
      "Source": "CRAN",
      "Repository": "CRAN",
      "Hash": "ef75ac93fee12991accacf171524bc0e"
    },
    "sys": {
      "Package": "sys",
      "Version": "3.3",
      "Source": "CRAN",
      "Repository": "CRAN",
      "Hash": "848951ec667b43741c03fffc92d19650"
    },
    "testthat": {
      "Package": "testthat",
      "Version": "2.2.1",
      "Source": "CRAN",
      "Repository": "CRAN",
      "Hash": "81db9ecac744f619f980593cc9ea9c99"
    },
    "tibble": {
      "Package": "tibble",
      "Version": "2.1.3",
      "Source": "CRAN",
      "Repository": "CRAN",
      "Hash": "b28f74376db8b145e247e29e20bb7deb"
    },
    "tidyr": {
      "Package": "tidyr",
      "Version": "1.0.0",
      "Source": "CRAN",
      "Repository": "CRAN",
      "Hash": "67e029f5199136c9f5e7ab583a79a8fe"
    },
    "tidyselect": {
      "Package": "tidyselect",
      "Version": "0.2.5",
      "Source": "CRAN",
      "Repository": "CRAN",
      "Hash": "66c1a6de7f98266b76503698f2ca111d"
    },
    "tinytex": {
      "Package": "tinytex",
      "Version": "0.16",
      "Source": "CRAN",
      "Repository": "CRAN",
      "Hash": "7e763ef744f5068fa761f2bb39709cd4"
    },
    "tweenr": {
      "Package": "tweenr",
      "Version": "1.0.1",
      "Source": "CRAN",
      "Repository": "CRAN",
      "Hash": "709f972ac55a9911e8406bbeb2c60561"
    },
    "usethis": {
      "Package": "usethis",
      "Version": "1.5.1",
      "Source": "CRAN",
      "Repository": "CRAN",
      "Hash": "3599609086a814a2598f099f49b194f1"
    },
    "utf8": {
      "Package": "utf8",
      "Version": "1.1.4",
      "Source": "CRAN",
      "Repository": "CRAN",
      "Hash": "557d1cc1d7b4ff362db5990acc00f2a0"
    },
    "vaplot": {
      "Package": "vaplot",
      "Version": "0.0.0.9000",
      "Source": "unknown",
      "Hash": "b309976c782af940902fd9887332d3d0"
    },
    "vctrs": {
      "Package": "vctrs",
      "Version": "0.2.0",
      "Source": "CRAN",
      "Repository": "CRAN",
      "Hash": "eb2ec99368c838ffc1bff7ea427cdd2d"
    },
    "viridis": {
      "Package": "viridis",
      "Version": "0.5.1",
      "Source": "CRAN",
      "Repository": "CRAN",
      "Hash": "8b3bc31925862b55e20954eb3ba0f0c6"
    },
    "viridisLite": {
      "Package": "viridisLite",
      "Version": "0.3.0",
      "Source": "CRAN",
      "Repository": "CRAN",
      "Hash": "e62dbc33079a4e2ff7429032f0e46efd"
    },
    "vpc": {
      "Package": "vpc",
      "Version": "1.1.0",
      "Source": "CRAN",
      "Repository": "CRAN",
      "Hash": "1caa3100b0d8f4d6e26518069aee409b"
    },
    "webshot": {
      "Package": "webshot",
      "Version": "0.5.1",
      "Source": "CRAN",
      "Repository": "CRAN",
      "Hash": "13a7712cf6657cee13fda141e021c148"
    },
    "whisker": {
      "Package": "whisker",
      "Version": "0.4",
      "Source": "CRAN",
      "Repository": "CRAN",
      "Hash": "67b2071fbfd8b55f84cbb6310d2d0de2"
    },
    "withr": {
      "Package": "withr",
      "Version": "2.1.2",
      "Source": "CRAN",
      "Repository": "CRAN",
      "Hash": "ce9ffa6d865ecaf6a56cacc811565e07"
    },
    "xfun": {
      "Package": "xfun",
      "Version": "0.10",
      "Source": "CRAN",
      "Repository": "CRAN",
      "Hash": "6a01c7a6f13ee2db015d15147da70e74"
    },
    "xml2": {
      "Package": "xml2",
      "Version": "1.2.2",
      "Source": "CRAN",
      "Repository": "CRAN",
      "Hash": "506e807c2318e0704658865eb69e4de8"
    },
    "xopen": {
      "Package": "xopen",
      "Version": "1.0.0",
      "Source": "CRAN",
      "Repository": "CRAN",
      "Hash": "a8fb8ee1d1a41595f44e5cce92cafa2d"
    },
    "xpose": {
      "Package": "xpose",
      "Version": "0.4.5",
      "Source": "CRAN",
      "Repository": "CRAN",
      "Hash": "37ed1d249b0e0013da2a883e56fcb5d5"
    },
    "xpose4": {
      "Package": "xpose4",
      "Version": "4.6.1",
      "Source": "CRAN",
      "Repository": "CRAN",
      "Hash": "e2588f00204afd203f73a4b88e92997f"
    },
    "xtable": {
      "Package": "xtable",
      "Version": "1.8-4",
      "Source": "CRAN",
      "Repository": "CRAN",
      "Hash": "f0d359dd5e96d72ea5384d7194f54843"
    },
    "xts": {
      "Package": "xts",
      "Version": "0.11-2",
      "Source": "CRAN",
      "Repository": "CRAN",
      "Hash": "eea8375242b68f3b3e6f773bdf988fb6"
    },
    "yaml": {
      "Package": "yaml",
      "Version": "2.2.0",
      "Source": "CRAN",
      "Repository": "CRAN",
      "Hash": "e75dfa28ca59a73adfabf6899ce04472"
    },
    "zeallot": {
      "Package": "zeallot",
      "Version": "0.1.0",
      "Source": "CRAN",
      "Repository": "CRAN",
      "Hash": "c33bb7353728bd4547a079b2c351a021"
    },
    "zoo": {
      "Package": "zoo",
      "Version": "1.8-6",
      "Source": "CRAN",
      "Repository": "CRAN",
      "Hash": "558c11bb5033d56080f0553986b00c31"
    }
  }
}
